{
    "_meta": {
        "hash": {
            "sha256": "48e4512dbd48b89c1f858c96d885900e079a249ed8739936cbe46dce35047196"
        },
        "pipfile-spec": 6,
        "requires": {
            "python_version": "3.10"
        },
        "sources": [
            {
                "name": "pypi",
                "url": "https://pypi.org/simple",
                "verify_ssl": true
            }
        ]
    },
    "default": {
        "collpy": {
            "hashes": [
                "sha256:8fd98c8dee1a0fb898ed3a58a1ec9cc0b73cca37b1b9ad1157990ea716c4abca",
                "sha256:e798a4638d5eea304372aaf87ba56c72c7190063886b5b85b9c6682bb4713a31"
            ],
            "index": "pypi",
            "version": "==0.0.4"
        }
    },
    "develop": {}
}
